{
  "name": "dumpscript",
  "version": "1.0.0",
  "lockfileVersion": 3,
  "requires": true,
  "packages": {
    "": {
      "name": "dumpscript",
      "version": "1.0.0",
      "license": "ISC",
      "dependencies": {
        "brainfuck-js": "^1.0.0"
      }
    },
    "node_modules/brainfuck-js": {
      "version": "1.0.0",
      "resolved": "https://registry.npmjs.org/brainfuck-js/-/brainfuck-js-1.0.0.tgz",
      "integrity": "sha512-KVAEsxD3tyM/1A4bhW0ZjpFxu0TOSc+VB/tsVhapPtKDEYD3Ge7zUrPzQwzYQJv017MyWhCMbHL5e6G0bQb53A=="
    }
  }
}
